# This file was autogenerated by Stack.
# You should not edit this file by hand.
# For more information, please see the documentation at:
#   https://docs.haskellstack.org/en/stable/lock_files

packages:
- completed:
    hackage: AesonBson-0.4.1@sha256:30a4ecb39e8da94dc1e1e8945eb0d4e33a833ae4342841b3c87c56b5918a90a1,1398
    pantry-tree:
      sha256: 10c7444de357f7fc1473542d8b3307811420889be32d5a2033d0dbc2d32a375d
      size: 378
  original:
    hackage: AesonBson-0.4.1@sha256:30a4ecb39e8da94dc1e1e8945eb0d4e33a833ae4342841b3c87c56b5918a90a1,1398
snapshots:
- completed:
    sha256: 9fa4bece7acfac1fc7930c5d6e24606004b09e80aa0e52e9f68b148201008db9
    size: 649606
    url: https://raw.githubusercontent.com/commercialhaskell/stackage-snapshots/master/lts/20/18.yaml
  original:
    url: https://raw.githubusercontent.com/commercialhaskell/stackage-snapshots/master/lts/20/18.yaml
