# This file was autogenerated by Stack.
# You should not edit this file by hand.
# For more information, please see the documentation at:
#   https://docs.haskellstack.org/en/stable/lock_files

packages:
- completed:
    hackage: di-polysemy-0.2.0.0@sha256:9da81102b7e5b2782e4f7194189cde552f042c94ac875ef8f542f6620035f885,2160
    pantry-tree:
      sha256: 103285358a5c2430e3fadd2c35ab285536c05164db1b78ed7155e9ef2e3fae42
      size: 320
  original:
    hackage: di-polysemy-0.2.0.0
- completed:
    hackage: int-cast-0.2.0.0@sha256:bc0f46a1839bcaa5e5e4991594d552e4590a9b0e9ab404d311aa92bb29d4db87,1856
    pantry-tree:
      sha256: 528bb40e73f0ab30b3a66b3baaef3736ebc3e2391252494ba4c632369daae6f3
      size: 316
  original:
    hackage: int-cast-0.2.0.0@sha256:bc0f46a1839bcaa5e5e4991594d552e4590a9b0e9ab404d311aa92bb29d4db87,1856
snapshots:
- completed:
    sha256: 9fa4bece7acfac1fc7930c5d6e24606004b09e80aa0e52e9f68b148201008db9
    size: 649606
    url: https://raw.githubusercontent.com/commercialhaskell/stackage-snapshots/master/lts/20/18.yaml
  original:
    url: https://raw.githubusercontent.com/commercialhaskell/stackage-snapshots/master/lts/20/18.yaml
