# This file is automatically @generated by Poetry 1.5.1 and should not be changed by hand.

[[package]]
name = "msgpack-python"
version = "0.5.6"
description = "MessagePack (de)serializer."
optional = false
python-versions = "*"
files = [
    {file = "msgpack-python-0.5.6.tar.gz", hash = "sha256:378cc8a6d3545b532dfd149da715abae4fda2a3adb6d74e525d0d5e51f46909b"},
]

[[package]]
name = "msgpack-rpc-python"
version = "0.4.1"
description = "MessagePack RPC"
optional = false
python-versions = "*"
files = [
    {file = "msgpack-rpc-python-0.4.1.tar.gz", hash = "sha256:ba7188129f2ba95fb9731f906aa82a5abd5827dd54ecfc715008f5ce2314535f"},
]

[package.dependencies]
msgpack-python = "*"
tornado = ">=3,<5"

[[package]]
name = "tornado"
version = "4.5.3"
description = "Tornado is a Python web framework and asynchronous networking library, originally developed at FriendFeed."
optional = false
python-versions = "*"
files = [
    {file = "tornado-4.5.3-cp35-cp35m-win32.whl", hash = "sha256:92b7ca81e18ba9ec3031a7ee73d4577ac21d41a0c9b775a9182f43301c3b5f8e"},
    {file = "tornado-4.5.3-cp35-cp35m-win_amd64.whl", hash = "sha256:b36298e9f63f18cad97378db2222c0e0ca6a55f6304e605515e05a25483ed51a"},
    {file = "tornado-4.5.3-cp36-cp36m-win32.whl", hash = "sha256:ab587996fe6fb9ce65abfda440f9b61e4f9f2cf921967723540679176915e4c3"},
    {file = "tornado-4.5.3-cp36-cp36m-win_amd64.whl", hash = "sha256:5ef073ac6180038ccf99411fe05ae9aafb675952a2c8db60592d5daf8401f803"},
    {file = "tornado-4.5.3.tar.gz", hash = "sha256:6d14e47eab0e15799cf3cdcc86b0b98279da68522caace2bd7ce644287685f0a"},
]

[metadata]
lock-version = "2.0"
python-versions = "^3.10"
content-hash = "e5b423090884235e439cbaf6e82ab7d5836c7715d237b55fd2d55173c1210104"
